// !$*UTF8*$!
{
	archiveVersion = 1;
	classes = {
	};
	objectVersion = 77;
	objects = {

/* Begin PBXBuildFile section */
		315B07A32DA5B9FC009166A6 /* FirebaseCore in Frameworks */ = {isa = PBXBuildFile; productRef = 315B07A22DA5B9FC009166A6 /* FirebaseCore */; };
		315B07A52DA5B9FC009166A6 /* FirebaseMessaging in Frameworks */ = {isa = PBXBuildFile; productRef = 315B07A42DA5B9FC009166A6 /* FirebaseMessaging */; };
		315B07B12DA69665009166A6 /* FirebaseFirestore in Frameworks */ = {isa = PBXBuildFile; productRef = 315B07B02DA69665009166A6 /* FirebaseFirestore */; };
/* End PBXBuildFile section */

/* Begin PBXContainerItemProxy section */
		3111F6CE2D983FB900DDE64A /* PBXContainerItemProxy */ = {
			isa = PBXContainerItemProxy;
			containerPortal = 3111F6B52D983FB800DDE64A /* Project object */;
			proxyType = 1;
			remoteGlobalIDString = 3111F6BC2D983FB800DDE64A;
			remoteInfo = BreadAndWine;
		};
		3111F6D82D983FB900DDE64A /* PBXContainerItemProxy */ = {
			isa = PBXContainerItemProxy;
			containerPortal = 3111F6B52D983FB800DDE64A /* Project object */;
			proxyType = 1;
			remoteGlobalIDString = 3111F6BC2D983FB800DDE64A;
			remoteInfo = BreadAndWine;
		};
/* End PBXContainerItemProxy section */

/* Begin PBXFileReference section */
		3111F6BD2D983FB800DDE64A /* BreadAndWine.app */ = {isa = PBXFileReference; explicitFileType = wrapper.application; includeInIndex = 0; path = BreadAndWine.app; sourceTree = BUILT_PRODUCTS_DIR; };
		3111F6CD2D983FB900DDE64A /* BreadAndWineTests.xctest */ = {isa = PBXFileReference; explicitFileType = wrapper.cfbundle; includeInIndex = 0; path = BreadAndWineTests.xctest; sourceTree = BUILT_PRODUCTS_DIR; };
		3111F6D72D983FB900DDE64A /* BreadAndWineUITests.xctest */ = {isa = PBXFileReference; explicitFileType = wrapper.cfbundle; includeInIndex = 0; path = BreadAndWineUITests.xctest; sourceTree = BUILT_PRODUCTS_DIR; };
/* End PBXFileReference section */

/* Begin PBXFileSystemSynchronizedBuildFileExceptionSet section */
		31DF4C372D9AF3CA00E72EDA /* Exceptions for "BreadAndWine" folder in "BreadAndWine" target */ = {
			isa = PBXFileSystemSynchronizedBuildFileExceptionSet;
			membershipExceptions = (
				Info.plist,
			);
			target = 3111F6BC2D983FB800DDE64A /* BreadAndWine */;
		};
/* End PBXFileSystemSynchronizedBuildFileExceptionSet section */

/* Begin PBXFileSystemSynchronizedRootGroup section */
		3111F6BF2D983FB800DDE64A /* BreadAndWine */ = {
			isa = PBXFileSystemSynchronizedRootGroup;
			exceptions = (
				31DF4C372D9AF3CA00E72EDA /* Exceptions for "BreadAndWine" folder in "BreadAndWine" target */,
			);
			path = BreadAndWine;
			sourceTree = "<group>";
		};
		3111F6D02D983FB900DDE64A /* BreadAndWineTests */ = {
			isa = PBXFileSystemSynchronizedRootGroup;
			path = BreadAndWineTests;
			sourceTree = "<group>";
		};
		3111F6DA2D983FB900DDE64A /* BreadAndWineUITests */ = {
			isa = PBXFileSystemSynchronizedRootGroup;
			path = BreadAndWineUITests;
			sourceTree = "<group>";
		};
/* End PBXFileSystemSynchronizedRootGroup section */

/* Begin PBXFrameworksBuildPhase section */
		3111F6BA2D983FB800DDE64A /* Frameworks */ = {
			isa = PBXFrameworksBuildPhase;
			buildActionMask = 2147483647;
			files = (
				315B07A52DA5B9FC009166A6 /* FirebaseMessaging in Frameworks */,
				315B07A32DA5B9FC009166A6 /* FirebaseCore in Frameworks */,
				315B07B12DA69665009166A6 /* FirebaseFirestore in Frameworks */,
			);
			runOnlyForDeploymentPostprocessing = 0;
		};
		3111F6CA2D983FB900DDE64A /* Frameworks */ = {
			isa = PBXFrameworksBuildPhase;
			buildActionMask = 2147483647;
			files = (
			);
			runOnlyForDeploymentPostprocessing = 0;
		};
		3111F6D42D983FB900DDE64A /* Frameworks */ = {
			isa = PBXFrameworksBuildPhase;
			buildActionMask = 2147483647;
			files = (
			);
			runOnlyForDeploymentPostprocessing = 0;
		};
/* End PBXFrameworksBuildPhase section */

/* Begin PBXGroup section */
		3111F6B42D983FB800DDE64A = {
			isa = PBXGroup;
			children = (
				3111F6BF2D983FB800DDE64A /* BreadAndWine */,
				3111F6D02D983FB900DDE64A /* BreadAndWineTests */,
				3111F6DA2D983FB900DDE64A /* BreadAndWineUITests */,
				3111F6BE2D983FB800DDE64A /* Products */,
			);
			sourceTree = "<group>";
		};
		3111F6BE2D983FB800DDE64A /* Products */ = {
			isa = PBXGroup;
			children = (
				3111F6BD2D983FB800DDE64A /* BreadAndWine.app */,
				3111F6CD2D983FB900DDE64A /* BreadAndWineTests.xctest */,
				3111F6D72D983FB900DDE64A /* BreadAndWineUITests.xctest */,
			);
			name = Products;
			sourceTree = "<group>";
		};
/* End PBXGroup section */

/* Begin PBXNativeTarget section */
		3111F6BC2D983FB800DDE64A /* BreadAndWine */ = {
			isa = PBXNativeTarget;
			buildConfigurationList = 3111F6E12D983FB900DDE64A /* Build configuration list for PBXNativeTarget "BreadAndWine" */;
			buildPhases = (
				3111F6B92D983FB800DDE64A /* Sources */,
				3111F6BA2D983FB800DDE64A /* Frameworks */,
				3111F6BB2D983FB800DDE64A /* Resources */,
			);
			buildRules = (
			);
			dependencies = (
			);
			fileSystemSynchronizedGroups = (
				3111F6BF2D983FB800DDE64A /* BreadAndWine */,
			);
			name = BreadAndWine;
			packageProductDependencies = (
				315B07A22DA5B9FC009166A6 /* FirebaseCore */,
				315B07A42DA5B9FC009166A6 /* FirebaseMessaging */,
				315B07B02DA69665009166A6 /* FirebaseFirestore */,
			);
			productName = BreadAndWine;
			productReference = 3111F6BD2D983FB800DDE64A /* BreadAndWine.app */;
			productType = "com.apple.product-type.application";
		};
		3111F6CC2D983FB900DDE64A /* BreadAndWineTests */ = {
			isa = PBXNativeTarget;
			buildConfigurationList = 3111F6E42D983FB900DDE64A /* Build configuration list for PBXNativeTarget "BreadAndWineTests" */;
			buildPhases = (
				3111F6C92D983FB900DDE64A /* Sources */,
				3111F6CA2D983FB900DDE64A /* Frameworks */,
				3111F6CB2D983FB900DDE64A /* Resources */,
			);
			buildRules = (
			);
			dependencies = (
				3111F6CF2D983FB900DDE64A /* PBXTargetDependency */,
			);
			fileSystemSynchronizedGroups = (
				3111F6D02D983FB900DDE64A /* BreadAndWineTests */,
			);
			name = BreadAndWineTests;
			packageProductDependencies = (
			);
			productName = BreadAndWineTests;
			productReference = 3111F6CD2D983FB900DDE64A /* BreadAndWineTests.xctest */;
			productType = "com.apple.product-type.bundle.unit-test";
		};
		3111F6D62D983FB900DDE64A /* BreadAndWineUITests */ = {
			isa = PBXNativeTarget;
			buildConfigurationList = 3111F6E72D983FB900DDE64A /* Build configuration list for PBXNativeTarget "BreadAndWineUITests" */;
			buildPhases = (
				3111F6D32D983FB900DDE64A /* Sources */,
				3111F6D42D983FB900DDE64A /* Frameworks */,
				3111F6D52D983FB900DDE64A /* Resources */,
			);
			buildRules = (
			);
			dependencies = (
				3111F6D92D983FB900DDE64A /* PBXTargetDependency */,
			);
			fileSystemSynchronizedGroups = (
				3111F6DA2D983FB900DDE64A /* BreadAndWineUITests */,
			);
			name = BreadAndWineUITests;
			packageProductDependencies = (
			);
			productName = BreadAndWineUITests;
			productReference = 3111F6D72D983FB900DDE64A /* BreadAndWineUITests.xctest */;
			productType = "com.apple.product-type.bundle.ui-testing";
		};
/* End PBXNativeTarget section */

/* Begin PBXProject section */
		3111F6B52D983FB800DDE64A /* Project object */ = {
			isa = PBXProject;
			attributes = {
				BuildIndependentTargetsInParallel = 1;
				LastSwiftUpdateCheck = 1620;
				LastUpgradeCheck = 1620;
				TargetAttributes = {
					3111F6BC2D983FB800DDE64A = {
						CreatedOnToolsVersion = 16.2;
					};
					3111F6CC2D983FB900DDE64A = {
						CreatedOnToolsVersion = 16.2;
						TestTargetID = 3111F6BC2D983FB800DDE64A;
					};
					3111F6D62D983FB900DDE64A = {
						CreatedOnToolsVersion = 16.2;
						TestTargetID = 3111F6BC2D983FB800DDE64A;
					};
				};
			};
			buildConfigurationList = 3111F6B82D983FB800DDE64A /* Build configuration list for PBXProject "BreadAndWine" */;
			developmentRegion = en;
			hasScannedForEncodings = 0;
			knownRegions = (
				en,
				Base,
			);
			mainGroup = 3111F6B42D983FB800DDE64A;
			minimizedProjectReferenceProxies = 1;
			packageReferences = (
				315B07A12DA5B9FC009166A6 /* XCRemoteSwiftPackageReference "firebase-ios-sdk" */,
			);
			preferredProjectObjectVersion = 77;
			productRefGroup = 3111F6BE2D983FB800DDE64A /* Products */;
			projectDirPath = "";
			projectRoot = "";
			targets = (
				3111F6BC2D983FB800DDE64A /* BreadAndWine */,
				3111F6CC2D983FB900DDE64A /* BreadAndWineTests */,
				3111F6D62D983FB900DDE64A /* BreadAndWineUITests */,
			);
		};
/* End PBXProject section */

/* Begin PBXResourcesBuildPhase section */
		3111F6BB2D983FB800DDE64A /* Resources */ = {
			isa = PBXResourcesBuildPhase;
			buildActionMask = 2147483647;
			files = (
			);
			runOnlyForDeploymentPostprocessing = 0;
		};
		3111F6CB2D983FB900DDE64A /* Resources */ = {
			isa = PBXResourcesBuildPhase;
			buildActionMask = 2147483647;
			files = (
			);
			runOnlyForDeploymentPostprocessing = 0;
		};
		3111F6D52D983FB900DDE64A /* Resources */ = {
			isa = PBXResourcesBuildPhase;
			buildActionMask = 2147483647;
			files = (
			);
			runOnlyForDeploymentPostprocessing = 0;
		};
/* End PBXResourcesBuildPhase section */

/* Begin PBXSourcesBuildPhase section */
		3111F6B92D983FB800DDE64A /* Sources */ = {
			isa = PBXSourcesBuildPhase;
			buildActionMask = 2147483647;
			files = (
			);
			runOnlyForDeploymentPostprocessing = 0;
		};
		3111F6C92D983FB900DDE64A /* Sources */ = {
			isa = PBXSourcesBuildPhase;
			buildActionMask = 2147483647;
			files = (
			);
			runOnlyForDeploymentPostprocessing = 0;
		};
		3111F6D32D983FB900DDE64A /* Sources */ = {
			isa = PBXSourcesBuildPhase;
			buildActionMask = 2147483647;
			files = (
			);
			runOnlyForDeploymentPostprocessing = 0;
		};
/* End PBXSourcesBuildPhase section */

/* Begin PBXTargetDependency section */
		3111F6CF2D983FB900DDE64A /* PBXTargetDependency */ = {
			isa = PBXTargetDependency;
			target = 3111F6BC2D983FB800DDE64A /* BreadAndWine */;
			targetProxy = 3111F6CE2D983FB900DDE64A /* PBXContainerItemProxy */;
		};
		3111F6D92D983FB900DDE64A /* PBXTargetDependency */ = {
			isa = PBXTargetDependency;
			target = 3111F6BC2D983FB800DDE64A /* BreadAndWine */;
			targetProxy = 3111F6D82D983FB900DDE64A /* PBXContainerItemProxy */;
		};
/* End PBXTargetDependency section */

/* Begin XCBuildConfiguration section */
		3111F6DF2D983FB900DDE64A /* Debug */ = {
			isa = XCBuildConfiguration;
			buildSettings = {
				ALWAYS_SEARCH_USER_PATHS = NO;
				ASSETCATALOG_COMPILER_GENERATE_SWIFT_ASSET_SYMBOL_EXTENSIONS = YES;
				CLANG_ANALYZER_NONNULL = YES;
				CLANG_ANALYZER_NUMBER_OBJECT_CONVERSION = YES_AGGRESSIVE;
				CLANG_CXX_LANGUAGE_STANDARD = "gnu++20";
				CLANG_ENABLE_MODULES = YES;
				CLANG_ENABLE_OBJC_ARC = YES;
				CLANG_ENABLE_OBJC_WEAK = YES;
				CLANG_WARN_BLOCK_CAPTURE_AUTORELEASING = YES;
				CLANG_WARN_BOOL_CONVERSION = YES;
				CLANG_WARN_COMMA = YES;
				CLANG_WARN_CONSTANT_CONVERSION = YES;
				CLANG_WARN_DEPRECATED_OBJC_IMPLEMENTATIONS = YES;
				CLANG_WARN_DIRECT_OBJC_ISA_USAGE = YES_ERROR;
				CLANG_WARN_DOCUMENTATION_COMMENTS = YES;
				CLANG_WARN_EMPTY_BODY = YES;
				CLANG_WARN_ENUM_CONVERSION = YES;
				CLANG_WARN_INFINITE_RECURSION = YES;
				CLANG_WARN_INT_CONVERSION = YES;
				CLANG_WARN_NON_LITERAL_NULL_CONVERSION = YES;
				CLANG_WARN_OBJC_IMPLICIT_RETAIN_SELF = YES;
				CLANG_WARN_OBJC_LITERAL_CONVERSION = YES;
				CLANG_WARN_OBJC_ROOT_CLASS = YES_ERROR;
				CLANG_WARN_QUOTED_INCLUDE_IN_FRAMEWORK_HEADER = YES;
				CLANG_WARN_RANGE_LOOP_ANALYSIS = YES;
				CLANG_WARN_STRICT_PROTOTYPES = YES;
				CLANG_WARN_SUSPICIOUS_MOVE = YES;
				CLANG_WARN_UNGUARDED_AVAILABILITY = YES_AGGRESSIVE;
				CLANG_WARN_UNREACHABLE_CODE = YES;
				CLANG_WARN__DUPLICATE_METHOD_MATCH = YES;
				COPY_PHASE_STRIP = NO;
				DEBUG_INFORMATION_FORMAT = "dwarf-with-dsym";
				ENABLE_STRICT_OBJC_MSGSEND = YES;
				ENABLE_TESTABILITY = YES;
				ENABLE_USER_SCRIPT_SANDBOXING = YES;
				GCC_C_LANGUAGE_STANDARD = gnu17;
				GCC_DYNAMIC_NO_PIC = NO;
				GCC_NO_COMMON_BLOCKS = YES;
				GCC_OPTIMIZATION_LEVEL = 0;
				GCC_PREPROCESSOR_DEFINITIONS = (
					"DEBUG=1",
					"$(inherited)",
				);
				GCC_WARN_64_TO_32_BIT_CONVERSION = YES;
				GCC_WARN_ABOUT_RETURN_TYPE = YES_ERROR;
				GCC_WARN_UNDECLARED_SELECTOR = YES;
				GCC_WARN_UNINITIALIZED_AUTOS = YES_AGGRESSIVE;
				GCC_WARN_UNUSED_FUNCTION = YES;
				GCC_WARN_UNUSED_VARIABLE = YES;
				IPHONEOS_DEPLOYMENT_TARGET = 18.2;
				LOCALIZATION_PREFERS_STRING_CATALOGS = YES;
				MTL_ENABLE_DEBUG_INFO = INCLUDE_SOURCE;
				MTL_FAST_MATH = YES;
				ONLY_ACTIVE_ARCH = YES;
				SDKROOT = iphoneos;
				SWIFT_ACTIVE_COMPILATION_CONDITIONS = "DEBUG $(inherited)";
				SWIFT_OPTIMIZATION_LEVEL = "-Onone";
			};
			name = Debug;
		};
		3111F6E02D983FB900DDE64A /* Release */ = {
			isa = XCBuildConfiguration;
			buildSettings = {
				ALWAYS_SEARCH_USER_PATHS = NO;
				ASSETCATALOG_COMPILER_GENERATE_SWIFT_ASSET_SYMBOL_EXTENSIONS = YES;
				CLANG_ANALYZER_NONNULL = YES;
				CLANG_ANALYZER_NUMBER_OBJECT_CONVERSION = YES_AGGRESSIVE;
				CLANG_CXX_LANGUAGE_STANDARD = "gnu++20";
				CLANG_ENABLE_MODULES = YES;
				CLANG_ENABLE_OBJC_ARC = YES;
				CLANG_ENABLE_OBJC_WEAK = YES;
				CLANG_WARN_BLOCK_CAPTURE_AUTORELEASING = YES;
				CLANG_WARN_BOOL_CONVERSION = YES;
				CLANG_WARN_COMMA = YES;
				CLANG_WARN_CONSTANT_CONVERSION = YES;
				CLANG_WARN_DEPRECATED_OBJC_IMPLEMENTATIONS = YES;
				CLANG_WARN_DIRECT_OBJC_ISA_USAGE = YES_ERROR;
				CLANG_WARN_DOCUMENTATION_COMMENTS = YES;
				CLANG_WARN_EMPTY_BODY = YES;
				CLANG_WARN_ENUM_CONVERSION = YES;
				CLANG_WARN_INFINITE_RECURSION = YES;
				CLANG_WARN_INT_CONVERSION = YES;
				CLANG_WARN_NON_LITERAL_NULL_CONVERSION = YES;
				CLANG_WARN_OBJC_IMPLICIT_RETAIN_SELF = YES;
				CLANG_WARN_OBJC_LITERAL_CONVERSION = YES;
				CLANG_WARN_OBJC_ROOT_CLASS = YES_ERROR;
				CLANG_WARN_QUOTED_INCLUDE_IN_FRAMEWORK_HEADER = YES;
				CLANG_WARN_RANGE_LOOP_ANALYSIS = YES;
				CLANG_WARN_STRICT_PROTOTYPES = YES;
				CLANG_WARN_SUSPICIOUS_MOVE = YES;
				CLANG_WARN_UNGUARDED_AVAILABILITY = YES_AGGRESSIVE;
				CLANG_WARN_UNREACHABLE_CODE = YES;
				CLANG_WARN__DUPLICATE_METHOD_MATCH = YES;
				COPY_PHASE_STRIP = NO;
				DEBUG_INFORMATION_FORMAT = "dwarf-with-dsym";
				ENABLE_NS_ASSERTIONS = NO;
				ENABLE_STRICT_OBJC_MSGSEND = YES;
				ENABLE_USER_SCRIPT_SANDBOXING = YES;
				GCC_C_LANGUAGE_STANDARD = gnu17;
				GCC_NO_COMMON_BLOCKS = YES;
				GCC_WARN_64_TO_32_BIT_CONVERSION = YES;
				GCC_WARN_ABOUT_RETURN_TYPE = YES_ERROR;
				GCC_WARN_UNDECLARED_SELECTOR = YES;
				GCC_WARN_UNINITIALIZED_AUTOS = YES_AGGRESSIVE;
				GCC_WARN_UNUSED_FUNCTION = YES;
				GCC_WARN_UNUSED_VARIABLE = YES;
				IPHONEOS_DEPLOYMENT_TARGET = 18.2;
				LOCALIZATION_PREFERS_STRING_CATALOGS = YES;
				MTL_ENABLE_DEBUG_INFO = NO;
				MTL_FAST_MATH = YES;
				SDKROOT = iphoneos;
				SWIFT_COMPILATION_MODE = wholemodule;
				VALIDATE_PRODUCT = YES;
			};
			name = Release;
		};
		3111F6E22D983FB900DDE64A /* Debug */ = {
			isa = XCBuildConfiguration;
			buildSettings = {
				ASSETCATALOG_COMPILER_APPICON_NAME = AppIcon;
				ASSETCATALOG_COMPILER_GLOBAL_ACCENT_COLOR_NAME = AccentColor;
				ASSETCATALOG_COMPILER_INCLUDE_ALL_APPICON_ASSETS = YES;
				CODE_SIGN_ENTITLEMENTS = BreadAndWine/BreadAndWine.entitlements;
				CODE_SIGN_STYLE = Automatic;
				CURRENT_PROJECT_VERSION = 4;
				DEVELOPMENT_ASSET_PATHS = "\"BreadAndWine/Preview Content\"";
				DEVELOPMENT_TEAM = 753G39CSB7;
				ENABLE_PREVIEWS = YES;
				GENERATE_INFOPLIST_FILE = YES;
				INFOPLIST_FILE = BreadAndWine/Info.plist;
				INFOPLIST_KEY_CFBundleDisplayName = BreadAndWine;
				INFOPLIST_KEY_LSApplicationCategoryType = "public.app-category.lifestyle";
				INFOPLIST_KEY_UIApplicationSceneManifest_Generation = YES;
				INFOPLIST_KEY_UIApplicationSupportsIndirectInputEvents = YES;
				INFOPLIST_KEY_UILaunchScreen_Generation = YES;
				INFOPLIST_KEY_UILaunchStoryboardName = "";
				INFOPLIST_KEY_UIStatusBarHidden = NO;
				INFOPLIST_KEY_UISupportedInterfaceOrientations = UIInterfaceOrientationPortrait;
				INFOPLIST_KEY_UISupportedInterfaceOrientations_iPad = "UIInterfaceOrientationLandscapeLeft UIInterfaceOrientationLandscapeRight UIInterfaceOrientationPortrait UIInterfaceOrientationPortraitUpsideDown";
				IPHONEOS_DEPLOYMENT_TARGET = 16.6;
				LD_RUNPATH_SEARCH_PATHS = (
					"$(inherited)",
					"@executable_path/Frameworks",
				);
				MARKETING_VERSION = 1.0;
				PRODUCT_BUNDLE_IDENTIFIER = firstloveassembly.BreadAndWine;
				PRODUCT_NAME = "$(TARGET_NAME)";
				SWIFT_EMIT_LOC_STRINGS = YES;
				SWIFT_VERSION = 5.0;
				TARGETED_DEVICE_FAMILY = "1,2";
			};
			name = Debug;
		};
		3111F6E32D983FB900DDE64A /* Release */ = {
			isa = XCBuildConfiguration;
			buildSettings = {
				ASSETCATALOG_COMPILER_APPICON_NAME = AppIcon;
				ASSETCATALOG_COMPILER_GLOBAL_ACCENT_COLOR_NAME = AccentColor;
				ASSETCATALOG_COMPILER_INCLUDE_ALL_APPICON_ASSETS = YES;
				CODE_SIGN_ENTITLEMENTS = BreadAndWine/BreadAndWine.entitlements;
				CODE_SIGN_STYLE = Automatic;
				CURRENT_PROJECT_VERSION = 4;
				DEVELOPMENT_ASSET_PATHS = "\"BreadAndWine/Preview Content\"";
				DEVELOPMENT_TEAM = 753G39CSB7;
				ENABLE_PREVIEWS = YES;
				GENERATE_INFOPLIST_FILE = YES;
				INFOPLIST_FILE = BreadAndWine/Info.plist;
				INFOPLIST_KEY_CFBundleDisplayName = BreadAndWine;
				INFOPLIST_KEY_LSApplicationCategoryType = "public.app-category.lifestyle";
				INFOPLIST_KEY_UIApplicationSceneManifest_Generation = YES;
				INFOPLIST_KEY_UIApplicationSupportsIndirectInputEvents = YES;
				INFOPLIST_KEY_UILaunchScreen_Generation = YES;
				INFOPLIST_KEY_UILaunchStoryboardName = "";
				INFOPLIST_KEY_UIStatusBarHidden = NO;
				INFOPLIST_KEY_UISupportedInterfaceOrientations = UIInterfaceOrientationPortrait;
				INFOPLIST_KEY_UISupportedInterfaceOrientations_iPad = "UIInterfaceOrientationLandscapeLeft UIInterfaceOrientationLandscapeRight UIInterfaceOrientationPortrait UIInterfaceOrientationPortraitUpsideDown";
				IPHONEOS_DEPLOYMENT_TARGET = 16.6;
				LD_RUNPATH_SEARCH_PATHS = (
					"$(inherited)",
					"@executable_path/Frameworks",
				);
				MARKETING_VERSION = 1.0;
				PRODUCT_BUNDLE_IDENTIFIER = firstloveassembly.BreadAndWine;
				PRODUCT_NAME = "$(TARGET_NAME)";
				SWIFT_EMIT_LOC_STRINGS = YES;
				SWIFT_VERSION = 5.0;
				TARGETED_DEVICE_FAMILY = "1,2";
			};
			name = Release;
		};
		3111F6E52D983FB900DDE64A /* Debug */ = {
			isa = XCBuildConfiguration;
			buildSettings = {
				BUNDLE_LOADER = "$(TEST_HOST)";
				CODE_SIGN_STYLE = Automatic;
				CURRENT_PROJECT_VERSION = 1;
				GENERATE_INFOPLIST_FILE = YES;
				IPHONEOS_DEPLOYMENT_TARGET = 18.2;
				MARKETING_VERSION = 1.0;
				PRODUCT_BUNDLE_IDENTIFIER = firstloveassembly.BreadAndWineTests;
				PRODUCT_NAME = "$(TARGET_NAME)";
				SWIFT_EMIT_LOC_STRINGS = NO;
				SWIFT_VERSION = 5.0;
				TARGETED_DEVICE_FAMILY = "1,2";
				TEST_HOST = "$(BUILT_PRODUCTS_DIR)/BreadAndWine.app/$(BUNDLE_EXECUTABLE_FOLDER_PATH)/BreadAndWine";
			};
			name = Debug;
		};
		3111F6E62D983FB900DDE64A /* Release */ = {
			isa = XCBuildConfiguration;
			buildSettings = {
				BUNDLE_LOADER = "$(TEST_HOST)";
				CODE_SIGN_STYLE = Automatic;
				CURRENT_PROJECT_VERSION = 1;
				GENERATE_INFOPLIST_FILE = YES;
				IPHONEOS_DEPLOYMENT_TARGET = 18.2;
				MARKETING_VERSION = 1.0;
				PRODUCT_BUNDLE_IDENTIFIER = firstloveassembly.BreadAndWineTests;
				PRODUCT_NAME = "$(TARGET_NAME)";
				SWIFT_EMIT_LOC_STRINGS = NO;
				SWIFT_VERSION = 5.0;
				TARGETED_DEVICE_FAMILY = "1,2";
				TEST_HOST = "$(BUILT_PRODUCTS_DIR)/BreadAndWine.app/$(BUNDLE_EXECUTABLE_FOLDER_PATH)/BreadAndWine";
			};
			name = Release;
		};
		3111F6E82D983FB900DDE64A /* Debug */ = {
			isa = XCBuildConfiguration;
			buildSettings = {
				CODE_SIGN_STYLE = Automatic;
				CURRENT_PROJECT_VERSION = 1;
				GENERATE_INFOPLIST_FILE = YES;
				MARKETING_VERSION = 1.0;
				PRODUCT_BUNDLE_IDENTIFIER = firstloveassembly.BreadAndWineUITests;
				PRODUCT_NAME = "$(TARGET_NAME)";
				SWIFT_EMIT_LOC_STRINGS = NO;
				SWIFT_VERSION = 5.0;
				TARGETED_DEVICE_FAMILY = "1,2";
				TEST_TARGET_NAME = BreadAndWine;
			};
			name = Debug;
		};
		3111F6E92D983FB900DDE64A /* Release */ = {
			isa = XCBuildConfiguration;
			buildSettings = {
				CODE_SIGN_STYLE = Automatic;
				CURRENT_PROJECT_VERSION = 1;
				GENERATE_INFOPLIST_FILE = YES;
				MARKETING_VERSION = 1.0;
				PRODUCT_BUNDLE_IDENTIFIER = firstloveassembly.BreadAndWineUITests;
				PRODUCT_NAME = "$(TARGET_NAME)";
				SWIFT_EMIT_LOC_STRINGS = NO;
				SWIFT_VERSION = 5.0;
				TARGETED_DEVICE_FAMILY = "1,2";
				TEST_TARGET_NAME = BreadAndWine;
			};
			name = Release;
		};
/* End XCBuildConfiguration section */

/* Begin XCConfigurationList section */
		3111F6B82D983FB800DDE64A /* Build configuration list for PBXProject "BreadAndWine" */ = {
			isa = XCConfigurationList;
			buildConfigurations = (
				3111F6DF2D983FB900DDE64A /* Debug */,
				3111F6E02D983FB900DDE64A /* Release */,
			);
			defaultConfigurationIsVisible = 0;
			defaultConfigurationName = Release;
		};
		3111F6E12D983FB900DDE64A /* Build configuration list for PBXNativeTarget "BreadAndWine" */ = {
			isa = XCConfigurationList;
			buildConfigurations = (
				3111F6E22D983FB900DDE64A /* Debug */,
				3111F6E32D983FB900DDE64A /* Release */,
			);
			defaultConfigurationIsVisible = 0;
			defaultConfigurationName = Release;
		};
		3111F6E42D983FB900DDE64A /* Build configuration list for PBXNativeTarget "BreadAndWineTests" */ = {
			isa = XCConfigurationList;
			buildConfigurations = (
				3111F6E52D983FB900DDE64A /* Debug */,
				3111F6E62D983FB900DDE64A /* Release */,
			);
			defaultConfigurationIsVisible = 0;
			defaultConfigurationName = Release;
		};
		3111F6E72D983FB900DDE64A /* Build configuration list for PBXNativeTarget "BreadAndWineUITests" */ = {
			isa = XCConfigurationList;
			buildConfigurations = (
				3111F6E82D983FB900DDE64A /* Debug */,
				3111F6E92D983FB900DDE64A /* Release */,
			);
			defaultConfigurationIsVisible = 0;
			defaultConfigurationName = Release;
		};
/* End XCConfigurationList section */

/* Begin XCRemoteSwiftPackageReference section */
		315B07A12DA5B9FC009166A6 /* XCRemoteSwiftPackageReference "firebase-ios-sdk" */ = {
			isa = XCRemoteSwiftPackageReference;
			repositoryURL = "https://github.com/firebase/firebase-ios-sdk";
			requirement = {
				kind = upToNextMajorVersion;
				minimumVersion = 11.11.0;
			};
		};
/* End XCRemoteSwiftPackageReference section */

/* Begin XCSwiftPackageProductDependency section */
		315B07A22DA5B9FC009166A6 /* FirebaseCore */ = {
			isa = XCSwiftPackageProductDependency;
			package = 315B07A12DA5B9FC009166A6 /* XCRemoteSwiftPackageReference "firebase-ios-sdk" */;
			productName = FirebaseCore;
		};
		315B07A42DA5B9FC009166A6 /* FirebaseMessaging */ = {
			isa = XCSwiftPackageProductDependency;
			package = 315B07A12DA5B9FC009166A6 /* XCRemoteSwiftPackageReference "firebase-ios-sdk" */;
			productName = FirebaseMessaging;
		};
		315B07B02DA69665009166A6 /* FirebaseFirestore */ = {
			isa = XCSwiftPackageProductDependency;
			package = 315B07A12DA5B9FC009166A6 /* XCRemoteSwiftPackageReference "firebase-ios-sdk" */;
			productName = FirebaseFirestore;
		};
/* End XCSwiftPackageProductDependency section */
	};
	rootObject = 3111F6B52D983FB800DDE64A /* Project object */;
}
